{
  "name": "ubiquitous-adventure",
  "version": "1.0.0",
  "lockfileVersion": 1,
  "requires": true,
  "dependencies": {
    "@babel/runtime-corejs3": {
      "version": "7.14.0",
      "resolved": "https://artifactory.hedgeserv.net:443/artifactory/api/npm/hs_npm/@babel/runtime-corejs3/-/runtime-corejs3-7.14.0.tgz",
      "integrity": "sha1-a/X7wLlh+OMgKIjLLND7egqaP2Y=",
      "requires": {
        "core-js-pure": "^3.0.0",
        "regenerator-runtime": "^0.13.4"
      }
    },
    "amqplib": {
      "version": "0.8.0",
      "resolved": "https://artifactory.hedgeserv.net:443/artifactory/api/npm/hs_npm/amqplib/-/amqplib-0.8.0.tgz",
      "integrity": "sha1-CI0QvGHMWsWkmscgM8esZsI662E=",
      "requires": {
        "bitsyntax": "~0.1.0",
        "bluebird": "^3.7.2",
        "buffer-more-ints": "~1.0.0",
        "readable-stream": "1.x >=1.1.9",
        "safe-buffer": "~5.2.1",
        "url-parse": "~1.5.1"
      }
    },
    "async": {
      "version": "3.2.0",
      "resolved": "https://artifactory.hedgeserv.net:443/artifactory/api/npm/hs_npm/async/-/async-3.2.0.tgz",
      "integrity": "sha1-s6JoXF67ZB094C0WEALGD8n4VyA="
    },
    "asynckit": {
      "version": "0.4.0",
      "resolved": "https://artifactory.hedgeserv.net:443/artifactory/api/npm/hs_npm/asynckit/-/asynckit-0.4.0.tgz",
      "integrity": "sha1-x57Zf380y48robyXkLzDZkdLS3k="
    },
    "bitsyntax": {
      "version": "0.1.0",
      "resolved": "https://artifactory.hedgeserv.net:443/artifactory/api/npm/hs_npm/bitsyntax/-/bitsyntax-0.1.0.tgz",
      "integrity": "sha1-sMWazvA1Bd5aLtYqL3Y8Vq4dYgU=",
      "requires": {
        "buffer-more-ints": "~1.0.0",
        "debug": "~2.6.9",
        "safe-buffer": "~5.1.2"
      },
      "dependencies": {
        "safe-buffer": {
          "version": "5.1.2",
          "resolved": "https://artifactory.hedgeserv.net:443/artifactory/api/npm/hs_npm/safe-buffer/-/safe-buffer-5.1.2.tgz",
          "integrity": "sha1-mR7GnSluAxN0fVm9/St0XDX4go0="
        }
      }
    },
    "bluebird": {
      "version": "3.7.2",
      "resolved": "https://artifactory.hedgeserv.net:443/artifactory/api/npm/hs_npm/bluebird/-/bluebird-3.7.2.tgz",
      "integrity": "sha1-nyKcFb4nJFT/qXOs4NvueaGww28="
    },
    "buffer-more-ints": {
      "version": "1.0.0",
      "resolved": "https://artifactory.hedgeserv.net:443/artifactory/api/npm/hs_npm/buffer-more-ints/-/buffer-more-ints-1.0.0.tgz",
      "integrity": "sha1-70+OLd261CntOCipxV1E8FxhFCI="
    },
    "call-bind": {
      "version": "1.0.2",
      "resolved": "https://artifactory.hedgeserv.net:443/artifactory/api/npm/hs_npm/call-bind/-/call-bind-1.0.2.tgz",
      "integrity": "sha1-sdTonmiBGcPJqQOtMKuy9qkZvjw=",
      "requires": {
        "function-bind": "^1.1.1",
        "get-intrinsic": "^1.0.2"
      }
    },
    "combined-stream": {
      "version": "1.0.8",
      "resolved": "https://artifactory.hedgeserv.net:443/artifactory/api/npm/hs_npm/combined-stream/-/combined-stream-1.0.8.tgz",
      "integrity": "sha1-w9RaizT9cwYxoRCoolIGgrMdWn8=",
      "requires": {
        "delayed-stream": "~1.0.0"
      }
    },
    "component-emitter": {
      "version": "1.3.0",
      "resolved": "https://artifactory.hedgeserv.net:443/artifactory/api/npm/hs_npm/component-emitter/-/component-emitter-1.3.0.tgz",
      "integrity": "sha1-FuQHD7qK4ptnnyIVhT7hgasuq8A="
    },
    "cookiejar": {
      "version": "2.1.2",
      "resolved": "https://artifactory.hedgeserv.net:443/artifactory/api/npm/hs_npm/cookiejar/-/cookiejar-2.1.2.tgz",
      "integrity": "sha1-3YojVTB1L5iPmghE8/xYnjERElw="
    },
    "core-js-pure": {
      "version": "3.13.0",
      "resolved": "https://artifactory.hedgeserv.net:443/artifactory/api/npm/hs_npm/core-js-pure/-/core-js-pure-3.13.0.tgz",
      "integrity": "sha1-nSZ/tH0dcEbPvAXntnuyNbZzU1U="
    },
    "core-util-is": {
      "version": "1.0.2",
      "resolved": "https://artifactory.hedgeserv.net:443/artifactory/api/npm/hs_npm/core-util-is/-/core-util-is-1.0.2.tgz",
      "integrity": "sha1-tf1UIgqivFq1eqtxQMlAdUUDwac="
    },
    "debug": {
      "version": "2.6.9",
      "resolved": "https://artifactory.hedgeserv.net:443/artifactory/api/npm/hs_npm/debug/-/debug-2.6.9.tgz",
      "integrity": "sha1-XRKFFd8TT/Mn6QpMk/Tgd6U2NB8=",
      "requires": {
        "ms": "2.0.0"
      }
    },
    "deep-freeze": {
      "version": "0.0.1",
      "resolved": "https://artifactory.hedgeserv.net:443/artifactory/api/npm/hs_npm/deep-freeze/-/deep-freeze-0.0.1.tgz",
      "integrity": "sha1-OgsABd4YZygZ39OM0x+RF5yJPoQ="
    },
    "delayed-stream": {
      "version": "1.0.0",
      "resolved": "https://artifactory.hedgeserv.net:443/artifactory/api/npm/hs_npm/delayed-stream/-/delayed-stream-1.0.0.tgz",
      "integrity": "sha1-3zrhmayt+31ECqrgsp4icrJOxhk="
    },
    "fast-safe-stringify": {
      "version": "2.0.7",
      "resolved": "https://artifactory.hedgeserv.net:443/artifactory/api/npm/hs_npm/fast-safe-stringify/-/fast-safe-stringify-2.0.7.tgz",
      "integrity": "sha1-EkqohYmSYfaK7bQqfAgN6dpgh0M="
    },
    "form-data": {
      "version": "3.0.1",
      "resolved": "https://artifactory.hedgeserv.net:443/artifactory/api/npm/hs_npm/form-data/-/form-data-3.0.1.tgz",
      "integrity": "sha1-69U3kbeDVqma+aMA1CgsTV65dV8=",
      "requires": {
        "asynckit": "^0.4.0",
        "combined-stream": "^1.0.8",
        "mime-types": "^2.1.12"
      }
    },
    "formidable": {
      "version": "1.2.2",
      "resolved": "https://artifactory.hedgeserv.net:443/artifactory/api/npm/hs_npm/formidable/-/formidable-1.2.2.tgz",
      "integrity": "sha1-v2muopcpgmdfAIZTQrmCmG9rjdk="
    },
    "forward-emitter": {
      "version": "0.1.1",
      "resolved": "https://artifactory.hedgeserv.net:443/artifactory/api/npm/hs_npm/forward-emitter/-/forward-emitter-0.1.1.tgz",
      "integrity": "sha1-Vu3QwIIlDtujNOC5Iv/SwBk53uE="
    },
    "function-bind": {
      "version": "1.1.1",
      "resolved": "https://artifactory.hedgeserv.net:443/artifactory/api/npm/hs_npm/function-bind/-/function-bind-1.1.1.tgz",
      "integrity": "sha1-pWiZ0+o8m6uHS7l3O3xe3pL0iV0="
    },
    "generic-pool": {
      "version": "3.7.8",
      "resolved": "https://artifactory.hedgeserv.net:443/artifactory/api/npm/hs_npm/generic-pool/-/generic-pool-3.7.8.tgz",
      "integrity": "sha1-ICCHv17F4LO645hCoO+YvNTB5FA="
    },
    "get-intrinsic": {
      "version": "1.1.1",
      "resolved": "https://artifactory.hedgeserv.net:443/artifactory/api/npm/hs_npm/get-intrinsic/-/get-intrinsic-1.1.1.tgz",
      "integrity": "sha1-FfWfN2+FXERpY5SPDSTNNje0q8Y=",
      "requires": {
        "function-bind": "^1.1.1",
        "has": "^1.0.3",
        "has-symbols": "^1.0.1"
      }
    },
    "has": {
      "version": "1.0.3",
      "resolved": "https://artifactory.hedgeserv.net:443/artifactory/api/npm/hs_npm/has/-/has-1.0.3.tgz",
      "integrity": "sha1-ci18v8H2qoJB8W3YFOAR4fQeh5Y=",
      "requires": {
        "function-bind": "^1.1.1"
      }
    },
    "has-symbols": {
      "version": "1.0.2",
      "resolved": "https://artifactory.hedgeserv.net:443/artifactory/api/npm/hs_npm/has-symbols/-/has-symbols-1.0.2.tgz",
      "integrity": "sha1-Fl0wcMADCXUqEjakeTMeOsVvFCM="
    },
    "individual": {
      "version": "2.0.0",
      "resolved": "https://artifactory.hedgeserv.net:443/artifactory/api/npm/hs_npm/individual/-/individual-2.0.0.tgz",
      "integrity": "sha1-gzsJfa0jKU52EXqY+zjg2a1hu5c="
    },
    "inherits": {
      "version": "2.0.4",
      "resolved": "https://artifactory.hedgeserv.net:443/artifactory/api/npm/hs_npm/inherits/-/inherits-2.0.4.tgz",
      "integrity": "sha1-D6LGT5MpF8NDOg3tVTY6rjdBa3w="
    },
    "isarray": {
      "version": "0.0.1",
      "resolved": "https://artifactory.hedgeserv.net:443/artifactory/api/npm/hs_npm/isarray/-/isarray-0.0.1.tgz",
      "integrity": "sha1-ihis/Kmo9Bd+Cav8YDiTmwXR7t8="
    },
    "lodash": {
      "version": "4.17.21",
      "resolved": "https://artifactory.hedgeserv.net:443/artifactory/api/npm/hs_npm/lodash/-/lodash-4.17.21.tgz",
      "integrity": "sha1-Z5WRxWTDv/quhFTPCz3zcMPWkRw="
    },
    "lodash.defaults": {
      "version": "4.2.0",
      "resolved": "https://artifactory.hedgeserv.net:443/artifactory/api/npm/hs_npm/lodash.defaults/-/lodash.defaults-4.2.0.tgz",
      "integrity": "sha1-0JF4cW/+pN3p5ft7N/bwgCJ0WAw="
    },
    "lodash.reduce": {
      "version": "4.6.0",
      "resolved": "https://artifactory.hedgeserv.net:443/artifactory/api/npm/hs_npm/lodash.reduce/-/lodash.reduce-4.6.0.tgz",
      "integrity": "sha1-8atrg5KZrUj3hKu/R2WW8DuRTTs="
    },
    "lru-cache": {
      "version": "6.0.0",
      "resolved": "https://artifactory.hedgeserv.net:443/artifactory/api/npm/hs_npm/lru-cache/-/lru-cache-6.0.0.tgz",
      "integrity": "sha1-bW/mVw69lqr5D8rR2vo7JWbbOpQ=",
      "requires": {
        "yallist": "^4.0.0"
      }
    },
    "methods": {
      "version": "1.1.2",
      "resolved": "https://artifactory.hedgeserv.net:443/artifactory/api/npm/hs_npm/methods/-/methods-1.1.2.tgz",
      "integrity": "sha1-VSmk1nZUE07cxSZmVoNbD4Ua/O4="
    },
    "mime": {
      "version": "2.5.2",
      "resolved": "https://artifactory.hedgeserv.net:443/artifactory/api/npm/hs_npm/mime/-/mime-2.5.2.tgz",
      "integrity": "sha1-bj3GzCuVEGQ4MOXxnVy3U9pe6r4="
    },
    "mime-db": {
      "version": "1.47.0",
      "resolved": "https://artifactory.hedgeserv.net:443/artifactory/api/npm/hs_npm/mime-db/-/mime-db-1.47.0.tgz",
      "integrity": "sha1-jLMT5Zll08Bc+/iYkVomevRqM1w="
    },
    "mime-types": {
      "version": "2.1.30",
      "resolved": "https://artifactory.hedgeserv.net:443/artifactory/api/npm/hs_npm/mime-types/-/mime-types-2.1.30.tgz",
      "integrity": "sha1-bnvotMR5gl+F7WMmaV23P5MF1i0=",
      "requires": {
        "mime-db": "1.47.0"
      }
    },
    "ms": {
      "version": "2.0.0",
      "resolved": "https://artifactory.hedgeserv.net:443/artifactory/api/npm/hs_npm/ms/-/ms-2.0.0.tgz",
      "integrity": "sha1-VgiurfwAvmwpAd9fmGF4jeDVl8g="
    },
    "object-inspect": {
      "version": "1.10.3",
      "resolved": "https://artifactory.hedgeserv.net:443/artifactory/api/npm/hs_npm/object-inspect/-/object-inspect-1.10.3.tgz",
      "integrity": "sha1-wqp9LQn1DJk3VwT3oK3yTFeC02k="
    },
    "qs": {
      "version": "6.10.1",
      "resolved": "https://artifactory.hedgeserv.net:443/artifactory/api/npm/hs_npm/qs/-/qs-6.10.1.tgz",
      "integrity": "sha1-STFIL6jWR6Wqt5nFJx0hM7mB+2o=",
      "requires": {
        "side-channel": "^1.0.4"
      }
    },
    "querystringify": {
      "version": "2.2.0",
      "resolved": "https://artifactory.hedgeserv.net:443/artifactory/api/npm/hs_npm/querystringify/-/querystringify-2.2.0.tgz",
      "integrity": "sha1-M0WUG0FTy50ILY7uTNogFqmu9/Y="
    },
    "rascal": {
      "version": "13.0.2",
      "resolved": "https://artifactory.hedgeserv.net:443/artifactory/api/npm/hs_npm/rascal/-/rascal-13.0.2.tgz",
      "integrity": "sha1-ajv4YafaumQL1qQ75vT2vttauFg=",
      "requires": {
        "async": "^3.2.0",
        "debug": "^4.1.1",
        "deep-freeze": "0.0.1",
        "forward-emitter": "^0.1.1",
        "generic-pool": "^3.7.1",
        "lodash": "^4.17.21",
        "lru-cache": "^6.0.0",
        "safe-json-parse": "^4.0.0",
        "stashback": "^1.1.2",
        "superagent": "^6.1.0",
        "uuid": "^8.3.2",
        "xregexp": "^5.0.1"
      },
      "dependencies": {
        "debug": {
          "version": "4.3.1",
          "resolved": "https://artifactory.hedgeserv.net:443/artifactory/api/npm/hs_npm/debug/-/debug-4.3.1.tgz",
          "integrity": "sha1-8NIpxQXgxtjEmsVT0bE9wYP2su4=",
          "requires": {
            "ms": "2.1.2"
          }
        },
        "ms": {
          "version": "2.1.2",
          "resolved": "https://artifactory.hedgeserv.net:443/artifactory/api/npm/hs_npm/ms/-/ms-2.1.2.tgz",
          "integrity": "sha1-0J0fNXtEP0kzgqjrPM0YOHKuYAk="
        }
      }
    },
    "readable-stream": {
      "version": "1.1.14",
      "resolved": "https://artifactory.hedgeserv.net:443/artifactory/api/npm/hs_npm/readable-stream/-/readable-stream-1.1.14.tgz",
      "integrity": "sha1-fPTFTvZI44EwhMY23SB54WbAgdk=",
      "requires": {
        "core-util-is": "~1.0.0",
        "inherits": "~2.0.1",
        "isarray": "0.0.1",
        "string_decoder": "~0.10.x"
      }
    },
    "regenerator-runtime": {
      "version": "0.13.7",
      "resolved": "https://artifactory.hedgeserv.net:443/artifactory/api/npm/hs_npm/regenerator-runtime/-/regenerator-runtime-0.13.7.tgz",
      "integrity": "sha1-ysLazIoepnX+qrrriugziYrkb1U="
    },
    "requires-port": {
      "version": "1.0.0",
      "resolved": "https://artifactory.hedgeserv.net:443/artifactory/api/npm/hs_npm/requires-port/-/requires-port-1.0.0.tgz",
      "integrity": "sha1-kl0mAdOaxIXgkc8NpcbmlNw9yv8="
    },
    "rust-result": {
      "version": "1.0.0",
      "resolved": "https://artifactory.hedgeserv.net:443/artifactory/api/npm/hs_npm/rust-result/-/rust-result-1.0.0.tgz",
      "integrity": "sha1-NMdbLm3Dn+WHXlveyFteD5FTb3I=",
      "requires": {
        "individual": "^2.0.0"
      }
    },
    "safe-buffer": {
      "version": "5.2.1",
      "resolved": "https://artifactory.hedgeserv.net:443/artifactory/api/npm/hs_npm/safe-buffer/-/safe-buffer-5.2.1.tgz",
      "integrity": "sha1-Hq+fqb2x/dTsdfWPnNtOa3gn7sY="
    },
    "safe-json-parse": {
      "version": "4.0.0",
      "resolved": "https://artifactory.hedgeserv.net:443/artifactory/api/npm/hs_npm/safe-json-parse/-/safe-json-parse-4.0.0.tgz",
      "integrity": "sha1-fA9XjPzNEtM6ccDgVBPi7KFx6qw=",
      "requires": {
        "rust-result": "^1.0.0"
      }
    },
    "semver": {
      "version": "7.3.5",
      "resolved": "https://artifactory.hedgeserv.net:443/artifactory/api/npm/hs_npm/semver/-/semver-7.3.5.tgz",
      "integrity": "sha1-C2Ich5NI2JmOSw5L6Us/EuYBjvc=",
      "requires": {
        "lru-cache": "^6.0.0"
      }
    },
    "side-channel": {
      "version": "1.0.4",
      "resolved": "https://artifactory.hedgeserv.net:443/artifactory/api/npm/hs_npm/side-channel/-/side-channel-1.0.4.tgz",
      "integrity": "sha1-785cj9wQTudRslxY1CkAEfpeos8=",
      "requires": {
        "call-bind": "^1.0.0",
        "get-intrinsic": "^1.0.2",
        "object-inspect": "^1.9.0"
      }
    },
    "stashback": {
      "version": "1.1.3",
      "resolved": "https://artifactory.hedgeserv.net:443/artifactory/api/npm/hs_npm/stashback/-/stashback-1.1.3.tgz",
      "integrity": "sha1-I+wElCcAhuZxwZJOHdZZBYE0gY0=",
      "requires": {
        "debug": "^4.1.1",
        "lodash.defaults": "^4.2.0",
        "lodash.reduce": "^4.6.0"
      },
      "dependencies": {
        "debug": {
          "version": "4.3.1",
          "resolved": "https://artifactory.hedgeserv.net:443/artifactory/api/npm/hs_npm/debug/-/debug-4.3.1.tgz",
          "integrity": "sha1-8NIpxQXgxtjEmsVT0bE9wYP2su4=",
          "requires": {
            "ms": "2.1.2"
          }
        },
        "ms": {
          "version": "2.1.2",
          "resolved": "https://artifactory.hedgeserv.net:443/artifactory/api/npm/hs_npm/ms/-/ms-2.1.2.tgz",
          "integrity": "sha1-0J0fNXtEP0kzgqjrPM0YOHKuYAk="
        }
      }
    },
    "string_decoder": {
      "version": "0.10.31",
      "resolved": "https://artifactory.hedgeserv.net:443/artifactory/api/npm/hs_npm/string_decoder/-/string_decoder-0.10.31.tgz",
      "integrity": "sha1-YuIDvEF2bGwoyfyEMB2rHFMQ+pQ="
    },
    "superagent": {
      "version": "6.1.0",
      "resolved": "https://artifactory.hedgeserv.net:443/artifactory/api/npm/hs_npm/superagent/-/superagent-6.1.0.tgz",
      "integrity": "sha1-CfCIB7xBEI7xZM+0vik869SA9KY=",
      "requires": {
        "component-emitter": "^1.3.0",
        "cookiejar": "^2.1.2",
        "debug": "^4.1.1",
        "fast-safe-stringify": "^2.0.7",
        "form-data": "^3.0.0",
        "formidable": "^1.2.2",
        "methods": "^1.1.2",
        "mime": "^2.4.6",
        "qs": "^6.9.4",
        "readable-stream": "^3.6.0",
        "semver": "^7.3.2"
      },
      "dependencies": {
        "debug": {
          "version": "4.3.1",
          "resolved": "https://artifactory.hedgeserv.net:443/artifactory/api/npm/hs_npm/debug/-/debug-4.3.1.tgz",
          "integrity": "sha1-8NIpxQXgxtjEmsVT0bE9wYP2su4=",
          "requires": {
            "ms": "2.1.2"
          }
        },
        "ms": {
          "version": "2.1.2",
          "resolved": "https://artifactory.hedgeserv.net:443/artifactory/api/npm/hs_npm/ms/-/ms-2.1.2.tgz",
          "integrity": "sha1-0J0fNXtEP0kzgqjrPM0YOHKuYAk="
        },
        "readable-stream": {
          "version": "3.6.0",
          "resolved": "https://artifactory.hedgeserv.net:443/artifactory/api/npm/hs_npm/readable-stream/-/readable-stream-3.6.0.tgz",
          "integrity": "sha1-M3u9o63AcGvT4CRCaihtS0sskZg=",
          "requires": {
            "inherits": "^2.0.3",
            "string_decoder": "^1.1.1",
            "util-deprecate": "^1.0.1"
          }
        },
        "string_decoder": {
          "version": "1.3.0",
          "resolved": "https://artifactory.hedgeserv.net:443/artifactory/api/npm/hs_npm/string_decoder/-/string_decoder-1.3.0.tgz",
          "integrity": "sha1-QvEUWUpGzxqOMLCoT1bHjD7awh4=",
          "requires": {
            "safe-buffer": "~5.2.0"
          }
        }
      }
    },
    "url-parse": {
      "version": "1.5.1",
      "resolved": "https://artifactory.hedgeserv.net:443/artifactory/api/npm/hs_npm/url-parse/-/url-parse-1.5.1.tgz",
      "integrity": "sha1-1fqYkK+KXh8nSiyYN2UQ9kJfbjs=",
      "requires": {
        "querystringify": "^2.1.1",
        "requires-port": "^1.0.0"
      }
    },
    "util-deprecate": {
      "version": "1.0.2",
      "resolved": "https://artifactory.hedgeserv.net:443/artifactory/api/npm/hs_npm/util-deprecate/-/util-deprecate-1.0.2.tgz",
      "integrity": "sha1-RQ1Nyfpw3nMnYvvS1KKJgUGaDM8="
    },
    "uuid": {
      "version": "8.3.2",
      "resolved": "https://artifactory.hedgeserv.net:443/artifactory/api/npm/hs_npm/uuid/-/uuid-8.3.2.tgz",
      "integrity": "sha1-gNW1ztJxu5r2xEXyGhoExgbO++I="
    },
    "xregexp": {
      "version": "5.0.2",
      "resolved": "https://artifactory.hedgeserv.net:443/artifactory/api/npm/hs_npm/xregexp/-/xregexp-5.0.2.tgz",
      "integrity": "sha1-eYqndXg285zb3uuj2vlNdfep3ME=",
      "requires": {
        "@babel/runtime-corejs3": "^7.12.1"
      }
    },
    "yallist": {
      "version": "4.0.0",
      "resolved": "https://artifactory.hedgeserv.net:443/artifactory/api/npm/hs_npm/yallist/-/yallist-4.0.0.tgz",
      "integrity": "sha1-m7knkNnA7/7GO+c1GeEaNQGaOnI="
    }
  }
}
